// !$*UTF8*$!
{
	archiveVersion = 1;
	classes = {
	};
	objectVersion = 46;
	objects = {

/* Begin PBXBuildFile section */
		9885B18E1EFAE09800F54196 /* AppDelegate.swift in Sources */ = {isa = PBXBuildFile; fileRef = 9885B18D1EFAE09800F54196 /* AppDelegate.swift */; };
		9885B1901EFAE09800F54196 /* GameScene.sks in Resources */ = {isa = PBXBuildFile; fileRef = 9885B18F1EFAE09800F54196 /* GameScene.sks */; };
		9885B1921EFAE09800F54196 /* Actions.sks in Resources */ = {isa = PBXBuildFile; fileRef = 9885B1911EFAE09800F54196 /* Actions.sks */; };
		9885B1941EFAE09800F54196 /* GameScene.swift in Sources */ = {isa = PBXBuildFile; fileRef = 9885B1931EFAE09800F54196 /* GameScene.swift */; };
		9885B1961EFAE09800F54196 /* GameViewController.swift in Sources */ = {isa = PBXBuildFile; fileRef = 9885B1951EFAE09800F54196 /* GameViewController.swift */; };
		9885B1991EFAE09800F54196 /* Main.storyboard in Resources */ = {isa = PBXBuildFile; fileRef = 9885B1971EFAE09800F54196 /* Main.storyboard */; };
		9885B19B1EFAE09800F54196 /* Assets.xcassets in Resources */ = {isa = PBXBuildFile; fileRef = 9885B19A1EFAE09800F54196 /* Assets.xcassets */; };
		9885B19E1EFAE09800F54196 /* LaunchScreen.storyboard in Resources */ = {isa = PBXBuildFile; fileRef = 9885B19C1EFAE09800F54196 /* LaunchScreen.storyboard */; };
		9885B1A91EFAE09800F54196 /* Breakout_AppTests.swift in Sources */ = {isa = PBXBuildFile; fileRef = 9885B1A81EFAE09800F54196 /* Breakout_AppTests.swift */; };
		9885B1B41EFAE09800F54196 /* Breakout_AppUITests.swift in Sources */ = {isa = PBXBuildFile; fileRef = 9885B1B31EFAE09800F54196 /* Breakout_AppUITests.swift */; };
/* End PBXBuildFile section */

/* Begin PBXContainerItemProxy section */
		9885B1A51EFAE09800F54196 /* PBXContainerItemProxy */ = {
			isa = PBXContainerItemProxy;
			containerPortal = 9885B1821EFAE09800F54196 /* Project object */;
			proxyType = 1;
			remoteGlobalIDString = 9885B1891EFAE09800F54196;
			remoteInfo = "Breakout App";
		};
		9885B1B01EFAE09800F54196 /* PBXContainerItemProxy */ = {
			isa = PBXContainerItemProxy;
			containerPortal = 9885B1821EFAE09800F54196 /* Project object */;
			proxyType = 1;
			remoteGlobalIDString = 9885B1891EFAE09800F54196;
			remoteInfo = "Breakout App";
		};
/* End PBXContainerItemProxy section */

/* Begin PBXFileReference section */
		9885B18A1EFAE09800F54196 /* Breakout App.app */ = {isa = PBXFileReference; explicitFileType = wrapper.application; includeInIndex = 0; path = "Breakout App.app"; sourceTree = BUILT_PRODUCTS_DIR; };
		9885B18D1EFAE09800F54196 /* AppDelegate.swift */ = {isa = PBXFileReference; lastKnownFileType = sourcecode.swift; path = AppDelegate.swift; sourceTree = "<group>"; };
		9885B18F1EFAE09800F54196 /* GameScene.sks */ = {isa = PBXFileReference; lastKnownFileType = file.sks; path = GameScene.sks; sourceTree = "<group>"; };
		9885B1911EFAE09800F54196 /* Actions.sks */ = {isa = PBXFileReference; lastKnownFileType = file.sks; path = Actions.sks; sourceTree = "<group>"; };
		9885B1931EFAE09800F54196 /* GameScene.swift */ = {isa = PBXFileReference; lastKnownFileType = sourcecode.swift; path = GameScene.swift; sourceTree = "<group>"; };
		9885B1951EFAE09800F54196 /* GameViewController.swift */ = {isa = PBXFileReference; lastKnownFileType = sourcecode.swift; path = GameViewController.swift; sourceTree = "<group>"; };
		9885B1981EFAE09800F54196 /* Base */ = {isa = PBXFileReference; lastKnownFileType = file.storyboard; name = Base; path = Base.lproj/Main.storyboard; sourceTree = "<group>"; };
		9885B19A1EFAE09800F54196 /* Assets.xcassets */ = {isa = PBXFileReference; lastKnownFileType = folder.assetcatalog; path = Assets.xcassets; sourceTree = "<group>"; };
		9885B19D1EFAE09800F54196 /* Base */ = {isa = PBXFileReference; lastKnownFileType = file.storyboard; name = Base; path = Base.lproj/LaunchScreen.storyboard; sourceTree = "<group>"; };
		9885B19F1EFAE09800F54196 /* Info.plist */ = {isa = PBXFileReference; lastKnownFileType = text.plist.xml; path = Info.plist; sourceTree = "<group>"; };
		9885B1A41EFAE09800F54196 /* Breakout AppTests.xctest */ = {isa = PBXFileReference; explicitFileType = wrapper.cfbundle; includeInIndex = 0; path = "Breakout AppTests.xctest"; sourceTree = BUILT_PRODUCTS_DIR; };
		9885B1A81EFAE09800F54196 /* Breakout_AppTests.swift */ = {isa = PBXFileReference; lastKnownFileType = sourcecode.swift; path = Breakout_AppTests.swift; sourceTree = "<group>"; };
		9885B1AA1EFAE09800F54196 /* Info.plist */ = {isa = PBXFileReference; lastKnownFileType = text.plist.xml; path = Info.plist; sourceTree = "<group>"; };
		9885B1AF1EFAE09800F54196 /* Breakout AppUITests.xctest */ = {isa = PBXFileReference; explicitFileType = wrapper.cfbundle; includeInIndex = 0; path = "Breakout AppUITests.xctest"; sourceTree = BUILT_PRODUCTS_DIR; };
		9885B1B31EFAE09800F54196 /* Breakout_AppUITests.swift */ = {isa = PBXFileReference; lastKnownFileType = sourcecode.swift; path = Breakout_AppUITests.swift; sourceTree = "<group>"; };
		9885B1B51EFAE09800F54196 /* Info.plist */ = {isa = PBXFileReference; lastKnownFileType = text.plist.xml; path = Info.plist; sourceTree = "<group>"; };
/* End PBXFileReference section */

/* Begin PBXFrameworksBuildPhase section */
		9885B1871EFAE09800F54196 /* Frameworks */ = {
			isa = PBXFrameworksBuildPhase;
			buildActionMask = 2147483647;
			files = (
			);
			runOnlyForDeploymentPostprocessing = 0;
		};
		9885B1A11EFAE09800F54196 /* Frameworks */ = {
			isa = PBXFrameworksBuildPhase;
			buildActionMask = 2147483647;
			files = (
			);
			runOnlyForDeploymentPostprocessing = 0;
		};
		9885B1AC1EFAE09800F54196 /* Frameworks */ = {
			isa = PBXFrameworksBuildPhase;
			buildActionMask = 2147483647;
			files = (
			);
			runOnlyForDeploymentPostprocessing = 0;
		};
/* End PBXFrameworksBuildPhase section */

/* Begin PBXGroup section */
		9885B1811EFAE09800F54196 = {
			isa = PBXGroup;
			children = (
				9885B18C1EFAE09800F54196 /* Breakout App */,
				9885B1A71EFAE09800F54196 /* Breakout AppTests */,
				9885B1B21EFAE09800F54196 /* Breakout AppUITests */,
				9885B18B1EFAE09800F54196 /* Products */,
			);
			sourceTree = "<group>";
		};
		9885B18B1EFAE09800F54196 /* Products */ = {
			isa = PBXGroup;
			children = (
				9885B18A1EFAE09800F54196 /* Breakout App.app */,
				9885B1A41EFAE09800F54196 /* Breakout AppTests.xctest */,
				9885B1AF1EFAE09800F54196 /* Breakout AppUITests.xctest */,
			);
			name = Products;
			sourceTree = "<group>";
		};
		9885B18C1EFAE09800F54196 /* Breakout App */ = {
			isa = PBXGroup;
			children = (
				9885B18D1EFAE09800F54196 /* AppDelegate.swift */,
				9885B18F1EFAE09800F54196 /* GameScene.sks */,
				9885B1911EFAE09800F54196 /* Actions.sks */,
				9885B1931EFAE09800F54196 /* GameScene.swift */,
				9885B1951EFAE09800F54196 /* GameViewController.swift */,
				9885B1971EFAE09800F54196 /* Main.storyboard */,
				9885B19A1EFAE09800F54196 /* Assets.xcassets */,
				9885B19C1EFAE09800F54196 /* LaunchScreen.storyboard */,
				9885B19F1EFAE09800F54196 /* Info.plist */,
			);
			path = "Breakout App";
			sourceTree = "<group>";
		};
		9885B1A71EFAE09800F54196 /* Breakout AppTests */ = {
			isa = PBXGroup;
			children = (
				9885B1A81EFAE09800F54196 /* Breakout_AppTests.swift */,
				9885B1AA1EFAE09800F54196 /* Info.plist */,
			);
			path = "Breakout AppTests";
			sourceTree = "<group>";
		};
		9885B1B21EFAE09800F54196 /* Breakout AppUITests */ = {
			isa = PBXGroup;
			children = (
				9885B1B31EFAE09800F54196 /* Breakout_AppUITests.swift */,
				9885B1B51EFAE09800F54196 /* Info.plist */,
			);
			path = "Breakout AppUITests";
			sourceTree = "<group>";
		};
/* End PBXGroup section */

/* Begin PBXNativeTarget section */
		9885B1891EFAE09800F54196 /* Breakout App */ = {
			isa = PBXNativeTarget;
			buildConfigurationList = 9885B1B81EFAE09800F54196 /* Build configuration list for PBXNativeTarget "Breakout App" */;
			buildPhases = (
				9885B1861EFAE09800F54196 /* Sources */,
				9885B1871EFAE09800F54196 /* Frameworks */,
				9885B1881EFAE09800F54196 /* Resources */,
			);
			buildRules = (
			);
			dependencies = (
			);
			name = "Breakout App";
			productName = "Breakout App";
			productReference = 9885B18A1EFAE09800F54196 /* Breakout App.app */;
			productType = "com.apple.product-type.application";
		};
		9885B1A31EFAE09800F54196 /* Breakout AppTests */ = {
			isa = PBXNativeTarget;
			buildConfigurationList = 9885B1BB1EFAE09800F54196 /* Build configuration list for PBXNativeTarget "Breakout AppTests" */;
			buildPhases = (
				9885B1A01EFAE09800F54196 /* Sources */,
				9885B1A11EFAE09800F54196 /* Frameworks */,
				9885B1A21EFAE09800F54196 /* Resources */,
			);
			buildRules = (
			);
			dependencies = (
				9885B1A61EFAE09800F54196 /* PBXTargetDependency */,
			);
			name = "Breakout AppTests";
			productName = "Breakout AppTests";
			productReference = 9885B1A41EFAE09800F54196 /* Breakout AppTests.xctest */;
			productType = "com.apple.product-type.bundle.unit-test";
		};
		9885B1AE1EFAE09800F54196 /* Breakout AppUITests */ = {
			isa = PBXNativeTarget;
			buildConfigurationList = 9885B1BE1EFAE09800F54196 /* Build configuration list for PBXNativeTarget "Breakout AppUITests" */;
			buildPhases = (
				9885B1AB1EFAE09800F54196 /* Sources */,
				9885B1AC1EFAE09800F54196 /* Frameworks */,
				9885B1AD1EFAE09800F54196 /* Resources */,
			);
			buildRules = (
			);
			dependencies = (
				9885B1B11EFAE09800F54196 /* PBXTargetDependency */,
			);
			name = "Breakout AppUITests";
			productName = "Breakout AppUITests";
			productReference = 9885B1AF1EFAE09800F54196 /* Breakout AppUITests.xctest */;
			productType = "com.apple.product-type.bundle.ui-testing";
		};
/* End PBXNativeTarget section */

/* Begin PBXProject section */
		9885B1821EFAE09800F54196 /* Project object */ = {
			isa = PBXProject;
			attributes = {
				LastSwiftUpdateCheck = 0830;
				LastUpgradeCheck = 0830;
				ORGANIZATIONNAME = "Ziyun Ma";
				TargetAttributes = {
					9885B1891EFAE09800F54196 = {
						CreatedOnToolsVersion = 8.3.2;
						ProvisioningStyle = Automatic;
					};
					9885B1A31EFAE09800F54196 = {
						CreatedOnToolsVersion = 8.3.2;
						ProvisioningStyle = Automatic;
						TestTargetID = 9885B1891EFAE09800F54196;
					};
					9885B1AE1EFAE09800F54196 = {
						CreatedOnToolsVersion = 8.3.2;
						ProvisioningStyle = Automatic;
						TestTargetID = 9885B1891EFAE09800F54196;
					};
				};
			};
			buildConfigurationList = 9885B1851EFAE09800F54196 /* Build configuration list for PBXProject "Breakout App" */;
			compatibilityVersion = "Xcode 3.2";
			developmentRegion = English;
			hasScannedForEncodings = 0;
			knownRegions = (
				en,
				Base,
			);
			mainGroup = 9885B1811EFAE09800F54196;
			productRefGroup = 9885B18B1EFAE09800F54196 /* Products */;
			projectDirPath = "";
			projectRoot = "";
			targets = (
				9885B1891EFAE09800F54196 /* Breakout App */,
				9885B1A31EFAE09800F54196 /* Breakout AppTests */,
				9885B1AE1EFAE09800F54196 /* Breakout AppUITests */,
			);
		};
/* End PBXProject section */

/* Begin PBXResourcesBuildPhase section */
		9885B1881EFAE09800F54196 /* Resources */ = {
			isa = PBXResourcesBuildPhase;
			buildActionMask = 2147483647;
			files = (
				9885B1991EFAE09800F54196 /* Main.storyboard in Resources */,
				9885B1901EFAE09800F54196 /* GameScene.sks in Resources */,
				9885B19B1EFAE09800F54196 /* Assets.xcassets in Resources */,
				9885B19E1EFAE09800F54196 /* LaunchScreen.storyboard in Resources */,
				9885B1921EFAE09800F54196 /* Actions.sks in Resources */,
			);
			runOnlyForDeploymentPostprocessing = 0;
		};
		9885B1A21EFAE09800F54196 /* Resources */ = {
			isa = PBXResourcesBuildPhase;
			buildActionMask = 2147483647;
			files = (
			);
			runOnlyForDeploymentPostprocessing = 0;
		};
		9885B1AD1EFAE09800F54196 /* Resources */ = {
			isa = PBXResourcesBuildPhase;
			buildActionMask = 2147483647;
			files = (
			);
			runOnlyForDeploymentPostprocessing = 0;
		};
/* End PBXResourcesBuildPhase section */

/* Begin PBXSourcesBuildPhase section */
		9885B1861EFAE09800F54196 /* Sources */ = {
			isa = PBXSourcesBuildPhase;
			buildActionMask = 2147483647;
			files = (
				9885B1941EFAE09800F54196 /* GameScene.swift in Sources */,
				9885B1961EFAE09800F54196 /* GameViewController.swift in Sources */,
				9885B18E1EFAE09800F54196 /* AppDelegate.swift in Sources */,
			);
			runOnlyForDeploymentPostprocessing = 0;
		};
		9885B1A01EFAE09800F54196 /* Sources */ = {
			isa = PBXSourcesBuildPhase;
			buildActionMask = 2147483647;
			files = (
				9885B1A91EFAE09800F54196 /* Breakout_AppTests.swift in Sources */,
			);
			runOnlyForDeploymentPostprocessing = 0;
		};
		9885B1AB1EFAE09800F54196 /* Sources */ = {
			isa = PBXSourcesBuildPhase;
			buildActionMask = 2147483647;
			files = (
				9885B1B41EFAE09800F54196 /* Breakout_AppUITests.swift in Sources */,
			);
			runOnlyForDeploymentPostprocessing = 0;
		};
/* End PBXSourcesBuildPhase section */

/* Begin PBXTargetDependency section */
		9885B1A61EFAE09800F54196 /* PBXTargetDependency */ = {
			isa = PBXTargetDependency;
			target = 9885B1891EFAE09800F54196 /* Breakout App */;
			targetProxy = 9885B1A51EFAE09800F54196 /* PBXContainerItemProxy */;
		};
		9885B1B11EFAE09800F54196 /* PBXTargetDependency */ = {
			isa = PBXTargetDependency;
			target = 9885B1891EFAE09800F54196 /* Breakout App */;
			targetProxy = 9885B1B01EFAE09800F54196 /* PBXContainerItemProxy */;
		};
/* End PBXTargetDependency section */

/* Begin PBXVariantGroup section */
		9885B1971EFAE09800F54196 /* Main.storyboard */ = {
			isa = PBXVariantGroup;
			children = (
				9885B1981EFAE09800F54196 /* Base */,
			);
			name = Main.storyboard;
			sourceTree = "<group>";
		};
		9885B19C1EFAE09800F54196 /* LaunchScreen.storyboard */ = {
			isa = PBXVariantGroup;
			children = (
				9885B19D1EFAE09800F54196 /* Base */,
			);
			name = LaunchScreen.storyboard;
			sourceTree = "<group>";
		};
/* End PBXVariantGroup section */

/* Begin XCBuildConfiguration section */
		9885B1B61EFAE09800F54196 /* Debug */ = {
			isa = XCBuildConfiguration;
			buildSettings = {
				ALWAYS_SEARCH_USER_PATHS = NO;
				CLANG_ANALYZER_NONNULL = YES;
				CLANG_ANALYZER_NUMBER_OBJECT_CONVERSION = YES_AGGRESSIVE;
				CLANG_CXX_LANGUAGE_STANDARD = "gnu++0x";
				CLANG_CXX_LIBRARY = "libc++";
				CLANG_ENABLE_MODULES = YES;
				CLANG_ENABLE_OBJC_ARC = YES;
				CLANG_WARN_BOOL_CONVERSION = YES;
				CLANG_WARN_CONSTANT_CONVERSION = YES;
				CLANG_WARN_DIRECT_OBJC_ISA_USAGE = YES_ERROR;
				CLANG_WARN_DOCUMENTATION_COMMENTS = YES;
				CLANG_WARN_EMPTY_BODY = YES;
				CLANG_WARN_ENUM_CONVERSION = YES;
				CLANG_WARN_INFINITE_RECURSION = YES;
				CLANG_WARN_INT_CONVERSION = YES;
				CLANG_WARN_OBJC_ROOT_CLASS = YES_ERROR;
				CLANG_WARN_SUSPICIOUS_MOVE = YES;
				CLANG_WARN_UNREACHABLE_CODE = YES;
				CLANG_WARN__DUPLICATE_METHOD_MATCH = YES;
				"CODE_SIGN_IDENTITY[sdk=iphoneos*]" = "iPhone Developer";
				COPY_PHASE_STRIP = NO;
				DEBUG_INFORMATION_FORMAT = dwarf;
				ENABLE_STRICT_OBJC_MSGSEND = YES;
				ENABLE_TESTABILITY = YES;
				GCC_C_LANGUAGE_STANDARD = gnu99;
				GCC_DYNAMIC_NO_PIC = NO;
				GCC_NO_COMMON_BLOCKS = YES;
				GCC_OPTIMIZATION_LEVEL = 0;
				GCC_PREPROCESSOR_DEFINITIONS = (
					"DEBUG=1",
					"$(inherited)",
				);
				GCC_WARN_64_TO_32_BIT_CONVERSION = YES;
				GCC_WARN_ABOUT_RETURN_TYPE = YES_ERROR;
				GCC_WARN_UNDECLARED_SELECTOR = YES;
				GCC_WARN_UNINITIALIZED_AUTOS = YES_AGGRESSIVE;
				GCC_WARN_UNUSED_FUNCTION = YES;
				GCC_WARN_UNUSED_VARIABLE = YES;
				IPHONEOS_DEPLOYMENT_TARGET = 10.3;
				MTL_ENABLE_DEBUG_INFO = YES;
				ONLY_ACTIVE_ARCH = YES;
				SDKROOT = iphoneos;
				SWIFT_ACTIVE_COMPILATION_CONDITIONS = DEBUG;
				SWIFT_OPTIMIZATION_LEVEL = "-Onone";
				TARGETED_DEVICE_FAMILY = "1,2";
			};
			name = Debug;
		};
		9885B1B71EFAE09800F54196 /* Release */ = {
			isa = XCBuildConfiguration;
			buildSettings = {
				ALWAYS_SEARCH_USER_PATHS = NO;
				CLANG_ANALYZER_NONNULL = YES;
				CLANG_ANALYZER_NUMBER_OBJECT_CONVERSION = YES_AGGRESSIVE;
				CLANG_CXX_LANGUAGE_STANDARD = "gnu++0x";
				CLANG_CXX_LIBRARY = "libc++";
				CLANG_ENABLE_MODULES = YES;
				CLANG_ENABLE_OBJC_ARC = YES;
				CLANG_WARN_BOOL_CONVERSION = YES;
				CLANG_WARN_CONSTANT_CONVERSION = YES;
				CLANG_WARN_DIRECT_OBJC_ISA_USAGE = YES_ERROR;
				CLANG_WARN_DOCUMENTATION_COMMENTS = YES;
				CLANG_WARN_EMPTY_BODY = YES;
				CLANG_WARN_ENUM_CONVERSION = YES;
				CLANG_WARN_INFINITE_RECURSION = YES;
				CLANG_WARN_INT_CONVERSION = YES;
				CLANG_WARN_OBJC_ROOT_CLASS = YES_ERROR;
				CLANG_WARN_SUSPICIOUS_MOVE = YES;
				CLANG_WARN_UNREACHABLE_CODE = YES;
				CLANG_WARN__DUPLICATE_METHOD_MATCH = YES;
				"CODE_SIGN_IDENTITY[sdk=iphoneos*]" = "iPhone Developer";
				COPY_PHASE_STRIP = NO;
				DEBUG_INFORMATION_FORMAT = "dwarf-with-dsym";
				ENABLE_NS_ASSERTIONS = NO;
				ENABLE_STRICT_OBJC_MSGSEND = YES;
				GCC_C_LANGUAGE_STANDARD = gnu99;
				GCC_NO_COMMON_BLOCKS = YES;
				GCC_WARN_64_TO_32_BIT_CONVERSION = YES;
				GCC_WARN_ABOUT_RETURN_TYPE = YES_ERROR;
				GCC_WARN_UNDECLARED_SELECTOR = YES;
				GCC_WARN_UNINITIALIZED_AUTOS = YES_AGGRESSIVE;
				GCC_WARN_UNUSED_FUNCTION = YES;
				GCC_WARN_UNUSED_VARIABLE = YES;
				IPHONEOS_DEPLOYMENT_TARGET = 10.3;
				MTL_ENABLE_DEBUG_INFO = NO;
				SDKROOT = iphoneos;
				SWIFT_OPTIMIZATION_LEVEL = "-Owholemodule";
				TARGETED_DEVICE_FAMILY = "1,2";
				VALIDATE_PRODUCT = YES;
			};
			name = Release;
		};
		9885B1B91EFAE09800F54196 /* Debug */ = {
			isa = XCBuildConfiguration;
			buildSettings = {
				ASSETCATALOG_COMPILER_APPICON_NAME = AppIcon;
				INFOPLIST_FILE = "Breakout App/Info.plist";
				LD_RUNPATH_SEARCH_PATHS = "$(inherited) @executable_path/Frameworks";
				PRODUCT_BUNDLE_IDENTIFIER = "Rubber-Duckies.Breakout-App";
				PRODUCT_NAME = "$(TARGET_NAME)";
				SWIFT_VERSION = 3.0;
			};
			name = Debug;
		};
		9885B1BA1EFAE09800F54196 /* Release */ = {
			isa = XCBuildConfiguration;
			buildSettings = {
				ASSETCATALOG_COMPILER_APPICON_NAME = AppIcon;
				INFOPLIST_FILE = "Breakout App/Info.plist";
				LD_RUNPATH_SEARCH_PATHS = "$(inherited) @executable_path/Frameworks";
				PRODUCT_BUNDLE_IDENTIFIER = "Rubber-Duckies.Breakout-App";
				PRODUCT_NAME = "$(TARGET_NAME)";
				SWIFT_VERSION = 3.0;
			};
			name = Release;
		};
		9885B1BC1EFAE09800F54196 /* Debug */ = {
			isa = XCBuildConfiguration;
			buildSettings = {
				ALWAYS_EMBED_SWIFT_STANDARD_LIBRARIES = YES;
				BUNDLE_LOADER = "$(TEST_HOST)";
				INFOPLIST_FILE = "Breakout AppTests/Info.plist";
				LD_RUNPATH_SEARCH_PATHS = "$(inherited) @executable_path/Frameworks @loader_path/Frameworks";
				PRODUCT_BUNDLE_IDENTIFIER = "Rubber-Duckies.Breakout-AppTests";
				PRODUCT_NAME = "$(TARGET_NAME)";
				SWIFT_VERSION = 3.0;
				TEST_HOST = "$(BUILT_PRODUCTS_DIR)/Breakout App.app/Breakout App";
			};
			name = Debug;
		};
		9885B1BD1EFAE09800F54196 /* Release */ = {
			isa = XCBuildConfiguration;
			buildSettings = {
				ALWAYS_EMBED_SWIFT_STANDARD_LIBRARIES = YES;
				BUNDLE_LOADER = "$(TEST_HOST)";
				INFOPLIST_FILE = "Breakout AppTests/Info.plist";
				LD_RUNPATH_SEARCH_PATHS = "$(inherited) @executable_path/Frameworks @loader_path/Frameworks";
				PRODUCT_BUNDLE_IDENTIFIER = "Rubber-Duckies.Breakout-AppTests";
				PRODUCT_NAME = "$(TARGET_NAME)";
				SWIFT_VERSION = 3.0;
				TEST_HOST = "$(BUILT_PRODUCTS_DIR)/Breakout App.app/Breakout App";
			};
			name = Release;
		};
		9885B1BF1EFAE09800F54196 /* Debug */ = {
			isa = XCBuildConfiguration;
			buildSettings = {
				ALWAYS_EMBED_SWIFT_STANDARD_LIBRARIES = YES;
				INFOPLIST_FILE = "Breakout AppUITests/Info.plist";
				LD_RUNPATH_SEARCH_PATHS = "$(inherited) @executable_path/Frameworks @loader_path/Frameworks";
				PRODUCT_BUNDLE_IDENTIFIER = "Rubber-Duckies.Breakout-AppUITests";
				PRODUCT_NAME = "$(TARGET_NAME)";
				SWIFT_VERSION = 3.0;
				TEST_TARGET_NAME = "Breakout App";
			};
			name = Debug;
		};
		9885B1C01EFAE09800F54196 /* Release */ = {
			isa = XCBuildConfiguration;
			buildSettings = {
				ALWAYS_EMBED_SWIFT_STANDARD_LIBRARIES = YES;
				INFOPLIST_FILE = "Breakout AppUITests/Info.plist";
				LD_RUNPATH_SEARCH_PATHS = "$(inherited) @executable_path/Frameworks @loader_path/Frameworks";
				PRODUCT_BUNDLE_IDENTIFIER = "Rubber-Duckies.Breakout-AppUITests";
				PRODUCT_NAME = "$(TARGET_NAME)";
				SWIFT_VERSION = 3.0;
				TEST_TARGET_NAME = "Breakout App";
			};
			name = Release;
		};
/* End XCBuildConfiguration section */

/* Begin XCConfigurationList section */
		9885B1851EFAE09800F54196 /* Build configuration list for PBXProject "Breakout App" */ = {
			isa = XCConfigurationList;
			buildConfigurations = (
				9885B1B61EFAE09800F54196 /* Debug */,
				9885B1B71EFAE09800F54196 /* Release */,
			);
			defaultConfigurationIsVisible = 0;
			defaultConfigurationName = Release;
		};
		9885B1B81EFAE09800F54196 /* Build configuration list for PBXNativeTarget "Breakout App" */ = {
			isa = XCConfigurationList;
			buildConfigurations = (
				9885B1B91EFAE09800F54196 /* Debug */,
				9885B1BA1EFAE09800F54196 /* Release */,
			);
			defaultConfigurationIsVisible = 0;
		};
		9885B1BB1EFAE09800F54196 /* Build configuration list for PBXNativeTarget "Breakout AppTests" */ = {
			isa = XCConfigurationList;
			buildConfigurations = (
				9885B1BC1EFAE09800F54196 /* Debug */,
				9885B1BD1EFAE09800F54196 /* Release */,
			);
			defaultConfigurationIsVisible = 0;
		};
		9885B1BE1EFAE09800F54196 /* Build configuration list for PBXNativeTarget "Breakout AppUITests" */ = {
			isa = XCConfigurationList;
			buildConfigurations = (
				9885B1BF1EFAE09800F54196 /* Debug */,
				9885B1C01EFAE09800F54196 /* Release */,
			);
			defaultConfigurationIsVisible = 0;
		};
/* End XCConfigurationList section */
	};
	rootObject = 9885B1821EFAE09800F54196 /* Project object */;
}
